
Microsoft Visual Studio Solution File, Format Version 12.00
# Visual Studio Version 17
VisualStudioVersion = 17.1.32414.318
MinimumVisualStudioVersion = 10.0.40219.1
Project("{9A19103F-16F7-4668-BE54-9A1E7A4F7556}") = "HtmlTestValidator.Common", "HtmlTestValidator.Common\HtmlTestValidator.Common.csproj", "{67EFDB8C-8B79-4F76-AFB3-630237680FD6}"
EndProject
Project("{9A19103F-16F7-4668-BE54-9A1E7A4F7556}") = "HtmlTestValidator.WPF", "HtmlTestValidator.WPF\HtmlTestValidator.WPF.csproj", "{1F91692A-2C7E-4C60-9EBD-48580A3B0247}"
EndProject
Project("{9A19103F-16F7-4668-BE54-9A1E7A4F7556}") = "HtmlTestValidator.Console", "HtmlTestValidator.Console\HtmlTestValidator.Console.csproj", "{019730C1-0CEB-4B31-80E0-3C5BD0625E3B}"
EndProject
Global
	GlobalSection(SolutionConfigurationPlatforms) = preSolution
		Debug|Any CPU = Debug|Any CPU
		Release|Any CPU = Release|Any CPU
	EndGlobalSection
	GlobalSection(ProjectConfigurationPlatforms) = postSolution
		{67EFDB8C-8B79-4F76-AFB3-630237680FD6}.Debug|Any CPU.ActiveCfg = Debug|Any CPU
		{67EFDB8C-8B79-4F76-AFB3-630237680FD6}.Debug|Any CPU.Build.0 = Debug|Any CPU
		{67EFDB8C-8B79-4F76-AFB3-630237680FD6}.Release|Any CPU.ActiveCfg = Release|Any CPU
		{67EFDB8C-8B79-4F76-AFB3-630237680FD6}.Release|Any CPU.Build.0 = Release|Any CPU
		{1F91692A-2C7E-4C60-9EBD-48580A3B0247}.Debug|Any CPU.ActiveCfg = Debug|Any CPU
		{1F91692A-2C7E-4C60-9EBD-48580A3B0247}.Debug|Any CPU.Build.0 = Debug|Any CPU
		{1F91692A-2C7E-4C60-9EBD-48580A3B0247}.Release|Any CPU.ActiveCfg = Release|Any CPU
		{1F91692A-2C7E-4C60-9EBD-48580A3B0247}.Release|Any CPU.Build.0 = Release|Any CPU
		{019730C1-0CEB-4B31-80E0-3C5BD0625E3B}.Debug|Any CPU.ActiveCfg = Debug|Any CPU
		{019730C1-0CEB-4B31-80E0-3C5BD0625E3B}.Debug|Any CPU.Build.0 = Debug|Any CPU
		{019730C1-0CEB-4B31-80E0-3C5BD0625E3B}.Release|Any CPU.ActiveCfg = Release|Any CPU
		{019730C1-0CEB-4B31-80E0-3C5BD0625E3B}.Release|Any CPU.Build.0 = Release|Any CPU
	EndGlobalSection
	GlobalSection(SolutionProperties) = preSolution
		HideSolutionNode = FALSE
	EndGlobalSection
	GlobalSection(ExtensibilityGlobals) = postSolution
		SolutionGuid = {2947B141-86C3-41A7-ACCF-56CAF668178A}
	EndGlobalSection
EndGlobal
